
Microsoft Visual Studio Solution File, Format Version 12.00
# Visual Studio 15
VisualStudioVersion = 15.0.26730.16
MinimumVisualStudioVersion = 10.0.40219.1
Project("{FAE04EC0-301F-11D3-BF4B-00C04F79EFBC}") = "TasksApp", "TasksApp\TasksApp.csproj", "{01FAC86A-C962-49B1-A935-AAED4C4963E6}"
EndProject
Project("{FAE04EC0-301F-11D3-BF4B-00C04F79EFBC}") = "TasksApp.Test", "TasksApp.Test\TasksApp.Test.csproj", "{EBE38612-0E92-4726-B93C-F1587440960A}"
EndProject
Global
	GlobalSection(SolutionConfigurationPlatforms) = preSolution
		Debug|Any CPU = Debug|Any CPU
		Release|Any CPU = Release|Any CPU
	EndGlobalSection
	GlobalSection(ProjectConfigurationPlatforms) = postSolution
		{01FAC86A-C962-49B1-A935-AAED4C4963E6}.Debug|Any CPU.ActiveCfg = Debug|Any CPU
		{01FAC86A-C962-49B1-A935-AAED4C4963E6}.Debug|Any CPU.Build.0 = Debug|Any CPU
		{01FAC86A-C962-49B1-A935-AAED4C4963E6}.Release|Any CPU.ActiveCfg = Release|Any CPU
		{01FAC86A-C962-49B1-A935-AAED4C4963E6}.Release|Any CPU.Build.0 = Release|Any CPU
		{EBE38612-0E92-4726-B93C-F1587440960A}.Debug|Any CPU.ActiveCfg = Debug|Any CPU
		{EBE38612-0E92-4726-B93C-F1587440960A}.Debug|Any CPU.Build.0 = Debug|Any CPU
		{EBE38612-0E92-4726-B93C-F1587440960A}.Release|Any CPU.ActiveCfg = Release|Any CPU
		{EBE38612-0E92-4726-B93C-F1587440960A}.Release|Any CPU.Build.0 = Release|Any CPU
	EndGlobalSection
	GlobalSection(SolutionProperties) = preSolution
		HideSolutionNode = FALSE
	EndGlobalSection
	GlobalSection(ExtensibilityGlobals) = postSolution
		SolutionGuid = {CCD59FB5-343C-4230-AEF1-8F425210602A}
	EndGlobalSection
EndGlobal
